
Microsoft Visual Studio Solution File, Format Version 12.00
# Visual Studio 15
Project("{FAE04EC0-301F-11D3-BF4B-00C04F79EFBC}") = "Unity.Timeline", "Unity.Timeline.csproj", "{5F42F306-DB26-7F36-9C12-1B085F1F4483}"
EndProject
Project("{FAE04EC0-301F-11D3-BF4B-00C04F79EFBC}") = "Unity.Timeline.Editor", "Unity.Timeline.Editor.csproj", "{B8379678-51C2-1BCC-53D3-581D25C6B824}"
EndProject
Project("{FAE04EC0-301F-11D3-BF4B-00C04F79EFBC}") = "Unity.2D.Tilemap.Editor", "Unity.2D.Tilemap.Editor.csproj", "{462D6CC0-B12F-1B57-1121-4A4F98BB456C}"
EndProject
Project("{FAE04EC0-301F-11D3-BF4B-00C04F79EFBC}") = "Unity.TextMeshPro.Editor", "Unity.TextMeshPro.Editor.csproj", "{540949E7-67D5-FF0E-E62F-6B060B1220E1}"
EndProject
Project("{FAE04EC0-301F-11D3-BF4B-00C04F79EFBC}") = "Unity.PlasticSCM.Editor", "Unity.PlasticSCM.Editor.csproj", "{AB6B1AA5-864C-BE98-1DAE-11C5823F4BE9}"
EndProject
Project("{FAE04EC0-301F-11D3-BF4B-00C04F79EFBC}") = "Unity.2D.Aseprite.Editor", "Unity.2D.Aseprite.Editor.csproj", "{DF10FDB4-EBFE-8F91-316D-6EBAFFD46E28}"
EndProject
Project("{FAE04EC0-301F-11D3-BF4B-00C04F79EFBC}") = "Unity.VisualScripting.Flow", "Unity.VisualScripting.Flow.csproj", "{3FBAD5F5-0538-7C3C-355E-749D40E7AAF3}"
EndProject
Project("{FAE04EC0-301F-11D3-BF4B-00C04F79EFBC}") = "UnityEditor.UI", "UnityEditor.UI.csproj", "{8370B43C-B24E-4ED9-8DE5-740FE736C968}"
EndProject
Project("{FAE04EC0-301F-11D3-BF4B-00C04F79EFBC}") = "Unity.2D.Psdimporter.Editor", "Unity.2D.Psdimporter.Editor.csproj", "{6B136397-CD14-0DBE-9183-B8105A767184}"
EndProject
Project("{FAE04EC0-301F-11D3-BF4B-00C04F79EFBC}") = "Unity.VisualScripting.Core", "Unity.VisualScripting.Core.csproj", "{09E8D9E1-A9C5-7F56-4D6A-CFE4295B8691}"
EndProject
Project("{FAE04EC0-301F-11D3-BF4B-00C04F79EFBC}") = "Unity.Mathematics", "Unity.Mathematics.csproj", "{95586582-1BC8-513F-BB29-5FE601538DD9}"
EndProject
Project("{FAE04EC0-301F-11D3-BF4B-00C04F79EFBC}") = "Unity.2D.Common.Path.Editor", "Unity.2D.Common.Path.Editor.csproj", "{62FF6077-AF56-3FF7-AE96-F98EE01F031F}"
EndProject
Project("{FAE04EC0-301F-11D3-BF4B-00C04F79EFBC}") = "Unity.2D.Animation.Editor", "Unity.2D.Animation.Editor.csproj", "{D297565F-E96B-CBE4-D813-5000C463BE54}"
EndProject
Project("{FAE04EC0-301F-11D3-BF4B-00C04F79EFBC}") = "Unity.VisualScripting.Core.Editor", "Unity.VisualScripting.Core.Editor.csproj", "{B1A2A4BC-4B13-82E2-BA9E-5D5581730BBD}"
EndProject
Project("{FAE04EC0-301F-11D3-BF4B-00C04F79EFBC}") = "Unity.2D.IK.Runtime", "Unity.2D.IK.Runtime.csproj", "{D336DAEA-6D42-811D-4653-B7C6B16EC101}"
EndProject
Project("{FAE04EC0-301F-11D3-BF4B-00C04F79EFBC}") = "Unity.VisualScripting.Flow.Editor", "Unity.VisualScripting.Flow.Editor.csproj", "{CC6F42A5-FFE9-2759-129A-9BBEAA1C4F4D}"
EndProject
Project("{FAE04EC0-301F-11D3-BF4B-00C04F79EFBC}") = "UnityEditor.TestRunner", "UnityEditor.TestRunner.csproj", "{B202E6FA-3BDD-1C98-7BCA-DF79D74CF6B5}"
EndProject
Project("{FAE04EC0-301F-11D3-BF4B-00C04F79EFBC}") = "Unity.VisualScripting.SettingsProvider.Editor", "Unity.VisualScripting.SettingsProvider.Editor.csproj", "{F814D1CD-581C-D244-6EA3-677D392DBB1D}"
EndProject
Project("{FAE04EC0-301F-11D3-BF4B-00C04F79EFBC}") = "UnityEngine.TestRunner", "UnityEngine.TestRunner.csproj", "{9CD28A52-DC00-D6A5-9396-2934163C9498}"
EndProject
Project("{FAE04EC0-301F-11D3-BF4B-00C04F79EFBC}") = "PsdPlugin", "PsdPlugin.csproj", "{C4F5B7CE-521B-3D0B-B820-692AD537802D}"
EndProject
Project("{FAE04EC0-301F-11D3-BF4B-00C04F79EFBC}") = "Unity.Burst", "Unity.Burst.csproj", "{CC2DC44B-174A-B7ED-BE19-3F42140D69FB}"
EndProject
Project("{FAE04EC0-301F-11D3-BF4B-00C04F79EFBC}") = "UnityEngine.UI", "UnityEngine.UI.csproj", "{F6ED641D-9914-B340-DC3C-782D9FC6686A}"
EndProject
Project("{FAE04EC0-301F-11D3-BF4B-00C04F79EFBC}") = "Unity.2D.SpriteShape.Editor", "Unity.2D.SpriteShape.Editor.csproj", "{02CFB977-45C2-0336-7E2D-F8E90135029D}"
EndProject
Project("{FAE04EC0-301F-11D3-BF4B-00C04F79EFBC}") = "Unity.Collections", "Unity.Collections.csproj", "{0D61175A-CA1D-4A11-2EBB-3F044220EF15}"
EndProject
Project("{FAE04EC0-301F-11D3-BF4B-00C04F79EFBC}") = "Unity.AI.Navigation.Editor", "Unity.AI.Navigation.Editor.csproj", "{C8C69172-D269-73C9-FBA3-A9B2191BA7AD}"
EndProject
Project("{FAE04EC0-301F-11D3-BF4B-00C04F79EFBC}") = "Unity.VisualStudio.Editor", "Unity.VisualStudio.Editor.csproj", "{F1FDED32-F88B-B3F3-6AD3-D24C37328FE9}"
EndProject
Project("{FAE04EC0-301F-11D3-BF4B-00C04F79EFBC}") = "Unity.2D.Tilemap.Extras.Editor", "Unity.2D.Tilemap.Extras.Editor.csproj", "{713BE567-9213-757A-E5F8-DA8E13B08F98}"
EndProject
Project("{FAE04EC0-301F-11D3-BF4B-00C04F79EFBC}") = "Unity.Rider.Editor", "Unity.Rider.Editor.csproj", "{3822DD1F-A4D8-C73F-52DE-74F224BB8E42}"
EndProject
Project("{FAE04EC0-301F-11D3-BF4B-00C04F79EFBC}") = "Unity.InternalAPIEditorBridge.001", "Unity.InternalAPIEditorBridge.001.csproj", "{02CA2648-D38C-8845-4A1D-96CF1A657FA6}"
EndProject
Project("{FAE04EC0-301F-11D3-BF4B-00C04F79EFBC}") = "Unity.2D.SpriteShape.Runtime", "Unity.2D.SpriteShape.Runtime.csproj", "{1B78F4A0-CDF0-E6BE-14BD-B1BF86925B3D}"
EndProject
Project("{FAE04EC0-301F-11D3-BF4B-00C04F79EFBC}") = "Unity.AI.Navigation", "Unity.AI.Navigation.csproj", "{408A7166-7A50-F92C-FB10-17A85C09F5C2}"
EndProject
Project("{FAE04EC0-301F-11D3-BF4B-00C04F79EFBC}") = "Unity.CollabProxy.Editor", "Unity.CollabProxy.Editor.csproj", "{3F3E254F-0424-2160-CD12-10E8BA247661}"
EndProject
Project("{FAE04EC0-301F-11D3-BF4B-00C04F79EFBC}") = "Unity.AI.Navigation.Editor.ConversionSystem", "Unity.AI.Navigation.Editor.ConversionSystem.csproj", "{26A207FA-D83E-49B8-5554-52EEC99FB900}"
EndProject
Project("{FAE04EC0-301F-11D3-BF4B-00C04F79EFBC}") = "Unity.VisualScripting.State.Editor", "Unity.VisualScripting.State.Editor.csproj", "{2014D8EC-132A-18CF-3967-B3B694C72E3B}"
EndProject
Project("{FAE04EC0-301F-11D3-BF4B-00C04F79EFBC}") = "Unity.2D.Animation.Runtime", "Unity.2D.Animation.Runtime.csproj", "{B34FF3F4-6DE7-67A5-8AE1-0AF2B6A05BE8}"
EndProject
Project("{FAE04EC0-301F-11D3-BF4B-00C04F79EFBC}") = "Unity.Burst.CodeGen", "Unity.Burst.CodeGen.csproj", "{91FA020D-BA65-A185-63FE-AEC410040F02}"
EndProject
Project("{FAE04EC0-301F-11D3-BF4B-00C04F79EFBC}") = "Unity.2D.Tilemap.Extras", "Unity.2D.Tilemap.Extras.csproj", "{C34AFFD3-4F2B-6DBC-DC63-89D2F000B8AF}"
EndProject
Project("{FAE04EC0-301F-11D3-BF4B-00C04F79EFBC}") = "Unity.VisualScripting.State", "Unity.VisualScripting.State.csproj", "{A6A4E41B-7EA1-AF82-A0B8-0158D4555E94}"
EndProject
Project("{FAE04EC0-301F-11D3-BF4B-00C04F79EFBC}") = "Unity.TextMeshPro", "Unity.TextMeshPro.csproj", "{37BCD5CB-8943-87CD-0449-028C2D8FB9EB}"
EndProject
Project("{FAE04EC0-301F-11D3-BF4B-00C04F79EFBC}") = "Unity.2D.Aseprite.Common", "Unity.2D.Aseprite.Common.csproj", "{3123D4B0-AA4B-9445-C71A-125CF1A9A0E2}"
EndProject
Project("{FAE04EC0-301F-11D3-BF4B-00C04F79EFBC}") = "Unity.VSCode.Editor", "Unity.VSCode.Editor.csproj", "{ADAC247A-AA51-9F80-EBEF-DA898958466D}"
EndProject
Project("{FAE04EC0-301F-11D3-BF4B-00C04F79EFBC}") = "Unity.2D.IK.Editor", "Unity.2D.IK.Editor.csproj", "{7456125F-9078-19B1-E10F-2C87E3325EB4}"
EndProject
Project("{FAE04EC0-301F-11D3-BF4B-00C04F79EFBC}") = "Unity.InternalAPIEngineBridge.001", "Unity.InternalAPIEngineBridge.001.csproj", "{8D82281E-A53D-561B-7CF6-4E91F62BCF09}"
EndProject
Project("{FAE04EC0-301F-11D3-BF4B-00C04F79EFBC}") = "Unity.Burst.Editor", "Unity.Burst.Editor.csproj", "{5E56BB5E-0E83-E4CB-CB9F-65CEF1D709D2}"
EndProject
Project("{FAE04EC0-301F-11D3-BF4B-00C04F79EFBC}") = "Unity.2D.Common.Editor", "Unity.2D.Common.Editor.csproj", "{E9F629D3-E6AD-EDEA-EB79-DB51F37CF71E}"
EndProject
Project("{FAE04EC0-301F-11D3-BF4B-00C04F79EFBC}") = "Unity.2D.Sprite.Editor", "Unity.2D.Sprite.Editor.csproj", "{9AD7F47D-9EA3-7B07-F711-7AB3D8E0BE05}"
EndProject
Project("{FAE04EC0-301F-11D3-BF4B-00C04F79EFBC}") = "Unity.AI.Navigation.Updater", "Unity.AI.Navigation.Updater.csproj", "{93C6181F-6FBE-3889-3D33-709463C1C4D4}"
EndProject
Project("{FAE04EC0-301F-11D3-BF4B-00C04F79EFBC}") = "Unity.2D.PixelPerfect", "Unity.2D.PixelPerfect.csproj", "{2042B9B9-1333-2CF0-9F2F-BA1C1915DD1F}"
EndProject
Project("{FAE04EC0-301F-11D3-BF4B-00C04F79EFBC}") = "Unity.2D.PixelPerfect.Editor", "Unity.2D.PixelPerfect.Editor.csproj", "{AA1A47F1-E616-AFA5-244E-02CF3402846F}"
EndProject
Project("{FAE04EC0-301F-11D3-BF4B-00C04F79EFBC}") = "Unity.2D.Common.Runtime", "Unity.2D.Common.Runtime.csproj", "{91D44FC1-D42D-5858-7FFF-446DB8139003}"
EndProject
Project("{FAE04EC0-301F-11D3-BF4B-00C04F79EFBC}") = "Assembly-CSharp", "Assembly-CSharp.csproj", "{3985810D-1ACB-CACD-001C-18904B55A573}"
EndProject
Project("{FAE04EC0-301F-11D3-BF4B-00C04F79EFBC}") = "Unity.Mathematics.Editor", "Unity.Mathematics.Editor.csproj", "{E3A72C60-1D9A-B03B-9CE9-861CEB3FB8E6}"
EndProject
Project("{FAE04EC0-301F-11D3-BF4B-00C04F79EFBC}") = "Unity.Collections.BurstCompatibilityGen", "Unity.Collections.BurstCompatibilityGen.csproj", "{643EB456-D232-F5C8-206E-3A85740CFD14}"
EndProject
Project("{FAE04EC0-301F-11D3-BF4B-00C04F79EFBC}") = "Unity.VisualScripting.Shared.Editor", "Unity.VisualScripting.Shared.Editor.csproj", "{D0ED9D37-74B9-A2A2-B79B-19D913A87687}"
EndProject
Project("{FAE04EC0-301F-11D3-BF4B-00C04F79EFBC}") = "Unity.Collections.DocCodeSamples", "Unity.Collections.DocCodeSamples.csproj", "{1D8D9C64-CA5A-28F7-8630-9906896AAF64}"
EndProject
Global
	GlobalSection(SolutionConfigurationPlatforms) = preSolution
		Debug|Any CPU = Debug|Any CPU
		Release|Any CPU = Release|Any CPU
	EndGlobalSection
	GlobalSection(ProjectConfigurationPlatforms) = postSolution
		{5F42F306-DB26-7F36-9C12-1B085F1F4483}.Debug|Any CPU.ActiveCfg = Debug|Any CPU
		{5F42F306-DB26-7F36-9C12-1B085F1F4483}.Debug|Any CPU.Build.0 = Debug|Any CPU
		{5F42F306-DB26-7F36-9C12-1B085F1F4483}.Release|Any CPU.ActiveCfg = Release|Any CPU
		{5F42F306-DB26-7F36-9C12-1B085F1F4483}.Release|Any CPU.Build.0 = Release|Any CPU
		{B8379678-51C2-1BCC-53D3-581D25C6B824}.Debug|Any CPU.ActiveCfg = Debug|Any CPU
		{B8379678-51C2-1BCC-53D3-581D25C6B824}.Debug|Any CPU.Build.0 = Debug|Any CPU
		{B8379678-51C2-1BCC-53D3-581D25C6B824}.Release|Any CPU.ActiveCfg = Release|Any CPU
		{B8379678-51C2-1BCC-53D3-581D25C6B824}.Release|Any CPU.Build.0 = Release|Any CPU
		{462D6CC0-B12F-1B57-1121-4A4F98BB456C}.Debug|Any CPU.ActiveCfg = Debug|Any CPU
		{462D6CC0-B12F-1B57-1121-4A4F98BB456C}.Debug|Any CPU.Build.0 = Debug|Any CPU
		{462D6CC0-B12F-1B57-1121-4A4F98BB456C}.Release|Any CPU.ActiveCfg = Release|Any CPU
		{462D6CC0-B12F-1B57-1121-4A4F98BB456C}.Release|Any CPU.Build.0 = Release|Any CPU
		{540949E7-67D5-FF0E-E62F-6B060B1220E1}.Debug|Any CPU.ActiveCfg = Debug|Any CPU
		{540949E7-67D5-FF0E-E62F-6B060B1220E1}.Debug|Any CPU.Build.0 = Debug|Any CPU
		{540949E7-67D5-FF0E-E62F-6B060B1220E1}.Release|Any CPU.ActiveCfg = Release|Any CPU
		{540949E7-67D5-FF0E-E62F-6B060B1220E1}.Release|Any CPU.Build.0 = Release|Any CPU
		{AB6B1AA5-864C-BE98-1DAE-11C5823F4BE9}.Debug|Any CPU.ActiveCfg = Debug|Any CPU
		{AB6B1AA5-864C-BE98-1DAE-11C5823F4BE9}.Debug|Any CPU.Build.0 = Debug|Any CPU
		{AB6B1AA5-864C-BE98-1DAE-11C5823F4BE9}.Release|Any CPU.ActiveCfg = Release|Any CPU
		{AB6B1AA5-864C-BE98-1DAE-11C5823F4BE9}.Release|Any CPU.Build.0 = Release|Any CPU
		{DF10FDB4-EBFE-8F91-316D-6EBAFFD46E28}.Debug|Any CPU.ActiveCfg = Debug|Any CPU
		{DF10FDB4-EBFE-8F91-316D-6EBAFFD46E28}.Debug|Any CPU.Build.0 = Debug|Any CPU
		{DF10FDB4-EBFE-8F91-316D-6EBAFFD46E28}.Release|Any CPU.ActiveCfg = Release|Any CPU
		{DF10FDB4-EBFE-8F91-316D-6EBAFFD46E28}.Release|Any CPU.Build.0 = Release|Any CPU
		{3FBAD5F5-0538-7C3C-355E-749D40E7AAF3}.Debug|Any CPU.ActiveCfg = Debug|Any CPU
		{3FBAD5F5-0538-7C3C-355E-749D40E7AAF3}.Debug|Any CPU.Build.0 = Debug|Any CPU
		{3FBAD5F5-0538-7C3C-355E-749D40E7AAF3}.Release|Any CPU.ActiveCfg = Release|Any CPU
		{3FBAD5F5-0538-7C3C-355E-749D40E7AAF3}.Release|Any CPU.Build.0 = Release|Any CPU
		{8370B43C-B24E-4ED9-8DE5-740FE736C968}.Debug|Any CPU.ActiveCfg = Debug|Any CPU
		{8370B43C-B24E-4ED9-8DE5-740FE736C968}.Debug|Any CPU.Build.0 = Debug|Any CPU
		{8370B43C-B24E-4ED9-8DE5-740FE736C968}.Release|Any CPU.ActiveCfg = Release|Any CPU
		{8370B43C-B24E-4ED9-8DE5-740FE736C968}.Release|Any CPU.Build.0 = Release|Any CPU
		{6B136397-CD14-0DBE-9183-B8105A767184}.Debug|Any CPU.ActiveCfg = Debug|Any CPU
		{6B136397-CD14-0DBE-9183-B8105A767184}.Debug|Any CPU.Build.0 = Debug|Any CPU
		{6B136397-CD14-0DBE-9183-B8105A767184}.Release|Any CPU.ActiveCfg = Release|Any CPU
		{6B136397-CD14-0DBE-9183-B8105A767184}.Release|Any CPU.Build.0 = Release|Any CPU
		{09E8D9E1-A9C5-7F56-4D6A-CFE4295B8691}.Debug|Any CPU.ActiveCfg = Debug|Any CPU
		{09E8D9E1-A9C5-7F56-4D6A-CFE4295B8691}.Debug|Any CPU.Build.0 = Debug|Any CPU
		{09E8D9E1-A9C5-7F56-4D6A-CFE4295B8691}.Release|Any CPU.ActiveCfg = Release|Any CPU
		{09E8D9E1-A9C5-7F56-4D6A-CFE4295B8691}.Release|Any CPU.Build.0 = Release|Any CPU
		{95586582-1BC8-513F-BB29-5FE601538DD9}.Debug|Any CPU.ActiveCfg = Debug|Any CPU
		{95586582-1BC8-513F-BB29-5FE601538DD9}.Debug|Any CPU.Build.0 = Debug|Any CPU
		{95586582-1BC8-513F-BB29-5FE601538DD9}.Release|Any CPU.ActiveCfg = Release|Any CPU
		{95586582-1BC8-513F-BB29-5FE601538DD9}.Release|Any CPU.Build.0 = Release|Any CPU
		{62FF6077-AF56-3FF7-AE96-F98EE01F031F}.Debug|Any CPU.ActiveCfg = Debug|Any CPU
		{62FF6077-AF56-3FF7-AE96-F98EE01F031F}.Debug|Any CPU.Build.0 = Debug|Any CPU
		{62FF6077-AF56-3FF7-AE96-F98EE01F031F}.Release|Any CPU.ActiveCfg = Release|Any CPU
		{62FF6077-AF56-3FF7-AE96-F98EE01F031F}.Release|Any CPU.Build.0 = Release|Any CPU
		{D297565F-E96B-CBE4-D813-5000C463BE54}.Debug|Any CPU.ActiveCfg = Debug|Any CPU
		{D297565F-E96B-CBE4-D813-5000C463BE54}.Debug|Any CPU.Build.0 = Debug|Any CPU
		{D297565F-E96B-CBE4-D813-5000C463BE54}.Release|Any CPU.ActiveCfg = Release|Any CPU
		{D297565F-E96B-CBE4-D813-5000C463BE54}.Release|Any CPU.Build.0 = Release|Any CPU
		{B1A2A4BC-4B13-82E2-BA9E-5D5581730BBD}.Debug|Any CPU.ActiveCfg = Debug|Any CPU
		{B1A2A4BC-4B13-82E2-BA9E-5D5581730BBD}.Debug|Any CPU.Build.0 = Debug|Any CPU
		{B1A2A4BC-4B13-82E2-BA9E-5D5581730BBD}.Release|Any CPU.ActiveCfg = Release|Any CPU
		{B1A2A4BC-4B13-82E2-BA9E-5D5581730BBD}.Release|Any CPU.Build.0 = Release|Any CPU
		{D336DAEA-6D42-811D-4653-B7C6B16EC101}.Debug|Any CPU.ActiveCfg = Debug|Any CPU
		{D336DAEA-6D42-811D-4653-B7C6B16EC101}.Debug|Any CPU.Build.0 = Debug|Any CPU
		{D336DAEA-6D42-811D-4653-B7C6B16EC101}.Release|Any CPU.ActiveCfg = Release|Any CPU
		{D336DAEA-6D42-811D-4653-B7C6B16EC101}.Release|Any CPU.Build.0 = Release|Any CPU
		{CC6F42A5-FFE9-2759-129A-9BBEAA1C4F4D}.Debug|Any CPU.ActiveCfg = Debug|Any CPU
		{CC6F42A5-FFE9-2759-129A-9BBEAA1C4F4D}.Debug|Any CPU.Build.0 = Debug|Any CPU
		{CC6F42A5-FFE9-2759-129A-9BBEAA1C4F4D}.Release|Any CPU.ActiveCfg = Release|Any CPU
		{CC6F42A5-FFE9-2759-129A-9BBEAA1C4F4D}.Release|Any CPU.Build.0 = Release|Any CPU
		{B202E6FA-3BDD-1C98-7BCA-DF79D74CF6B5}.Debug|Any CPU.ActiveCfg = Debug|Any CPU
		{B202E6FA-3BDD-1C98-7BCA-DF79D74CF6B5}.Debug|Any CPU.Build.0 = Debug|Any CPU
		{B202E6FA-3BDD-1C98-7BCA-DF79D74CF6B5}.Release|Any CPU.ActiveCfg = Release|Any CPU
		{B202E6FA-3BDD-1C98-7BCA-DF79D74CF6B5}.Release|Any CPU.Build.0 = Release|Any CPU
		{F814D1CD-581C-D244-6EA3-677D392DBB1D}.Debug|Any CPU.ActiveCfg = Debug|Any CPU
		{F814D1CD-581C-D244-6EA3-677D392DBB1D}.Debug|Any CPU.Build.0 = Debug|Any CPU
		{F814D1CD-581C-D244-6EA3-677D392DBB1D}.Release|Any CPU.ActiveCfg = Release|Any CPU
		{F814D1CD-581C-D244-6EA3-677D392DBB1D}.Release|Any CPU.Build.0 = Release|Any CPU
		{9CD28A52-DC00-D6A5-9396-2934163C9498}.Debug|Any CPU.ActiveCfg = Debug|Any CPU
		{9CD28A52-DC00-D6A5-9396-2934163C9498}.Debug|Any CPU.Build.0 = Debug|Any CPU
		{9CD28A52-DC00-D6A5-9396-2934163C9498}.Release|Any CPU.ActiveCfg = Release|Any CPU
		{9CD28A52-DC00-D6A5-9396-2934163C9498}.Release|Any CPU.Build.0 = Release|Any CPU
		{C4F5B7CE-521B-3D0B-B820-692AD537802D}.Debug|Any CPU.ActiveCfg = Debug|Any CPU
		{C4F5B7CE-521B-3D0B-B820-692AD537802D}.Debug|Any CPU.Build.0 = Debug|Any CPU
		{C4F5B7CE-521B-3D0B-B820-692AD537802D}.Release|Any CPU.ActiveCfg = Release|Any CPU
		{C4F5B7CE-521B-3D0B-B820-692AD537802D}.Release|Any CPU.Build.0 = Release|Any CPU
		{CC2DC44B-174A-B7ED-BE19-3F42140D69FB}.Debug|Any CPU.ActiveCfg = Debug|Any CPU
		{CC2DC44B-174A-B7ED-BE19-3F42140D69FB}.Debug|Any CPU.Build.0 = Debug|Any CPU
		{CC2DC44B-174A-B7ED-BE19-3F42140D69FB}.Release|Any CPU.ActiveCfg = Release|Any CPU
		{CC2DC44B-174A-B7ED-BE19-3F42140D69FB}.Release|Any CPU.Build.0 = Release|Any CPU
		{F6ED641D-9914-B340-DC3C-782D9FC6686A}.Debug|Any CPU.ActiveCfg = Debug|Any CPU
		{F6ED641D-9914-B340-DC3C-782D9FC6686A}.Debug|Any CPU.Build.0 = Debug|Any CPU
		{F6ED641D-9914-B340-DC3C-782D9FC6686A}.Release|Any CPU.ActiveCfg = Release|Any CPU
		{F6ED641D-9914-B340-DC3C-782D9FC6686A}.Release|Any CPU.Build.0 = Release|Any CPU
		{02CFB977-45C2-0336-7E2D-F8E90135029D}.Debug|Any CPU.ActiveCfg = Debug|Any CPU
		{02CFB977-45C2-0336-7E2D-F8E90135029D}.Debug|Any CPU.Build.0 = Debug|Any CPU
		{02CFB977-45C2-0336-7E2D-F8E90135029D}.Release|Any CPU.ActiveCfg = Release|Any CPU
		{02CFB977-45C2-0336-7E2D-F8E90135029D}.Release|Any CPU.Build.0 = Release|Any CPU
		{0D61175A-CA1D-4A11-2EBB-3F044220EF15}.Debug|Any CPU.ActiveCfg = Debug|Any CPU
		{0D61175A-CA1D-4A11-2EBB-3F044220EF15}.Debug|Any CPU.Build.0 = Debug|Any CPU
		{0D61175A-CA1D-4A11-2EBB-3F044220EF15}.Release|Any CPU.ActiveCfg = Release|Any CPU
		{0D61175A-CA1D-4A11-2EBB-3F044220EF15}.Release|Any CPU.Build.0 = Release|Any CPU
		{C8C69172-D269-73C9-FBA3-A9B2191BA7AD}.Debug|Any CPU.ActiveCfg = Debug|Any CPU
		{C8C69172-D269-73C9-FBA3-A9B2191BA7AD}.Debug|Any CPU.Build.0 = Debug|Any CPU
		{C8C69172-D269-73C9-FBA3-A9B2191BA7AD}.Release|Any CPU.ActiveCfg = Release|Any CPU
		{C8C69172-D269-73C9-FBA3-A9B2191BA7AD}.Release|Any CPU.Build.0 = Release|Any CPU
		{F1FDED32-F88B-B3F3-6AD3-D24C37328FE9}.Debug|Any CPU.ActiveCfg = Debug|Any CPU
		{F1FDED32-F88B-B3F3-6AD3-D24C37328FE9}.Debug|Any CPU.Build.0 = Debug|Any CPU
		{F1FDED32-F88B-B3F3-6AD3-D24C37328FE9}.Release|Any CPU.ActiveCfg = Release|Any CPU
		{F1FDED32-F88B-B3F3-6AD3-D24C37328FE9}.Release|Any CPU.Build.0 = Release|Any CPU
		{713BE567-9213-757A-E5F8-DA8E13B08F98}.Debug|Any CPU.ActiveCfg = Debug|Any CPU
		{713BE567-9213-757A-E5F8-DA8E13B08F98}.Debug|Any CPU.Build.0 = Debug|Any CPU
		{713BE567-9213-757A-E5F8-DA8E13B08F98}.Release|Any CPU.ActiveCfg = Release|Any CPU
		{713BE567-9213-757A-E5F8-DA8E13B08F98}.Release|Any CPU.Build.0 = Release|Any CPU
		{3822DD1F-A4D8-C73F-52DE-74F224BB8E42}.Debug|Any CPU.ActiveCfg = Debug|Any CPU
		{3822DD1F-A4D8-C73F-52DE-74F224BB8E42}.Debug|Any CPU.Build.0 = Debug|Any CPU
		{3822DD1F-A4D8-C73F-52DE-74F224BB8E42}.Release|Any CPU.ActiveCfg = Release|Any CPU
		{3822DD1F-A4D8-C73F-52DE-74F224BB8E42}.Release|Any CPU.Build.0 = Release|Any CPU
		{02CA2648-D38C-8845-4A1D-96CF1A657FA6}.Debug|Any CPU.ActiveCfg = Debug|Any CPU
		{02CA2648-D38C-8845-4A1D-96CF1A657FA6}.Debug|Any CPU.Build.0 = Debug|Any CPU
		{02CA2648-D38C-8845-4A1D-96CF1A657FA6}.Release|Any CPU.ActiveCfg = Release|Any CPU
		{02CA2648-D38C-8845-4A1D-96CF1A657FA6}.Release|Any CPU.Build.0 = Release|Any CPU
		{1B78F4A0-CDF0-E6BE-14BD-B1BF86925B3D}.Debug|Any CPU.ActiveCfg = Debug|Any CPU
		{1B78F4A0-CDF0-E6BE-14BD-B1BF86925B3D}.Debug|Any CPU.Build.0 = Debug|Any CPU
		{1B78F4A0-CDF0-E6BE-14BD-B1BF86925B3D}.Release|Any CPU.ActiveCfg = Release|Any CPU
		{1B78F4A0-CDF0-E6BE-14BD-B1BF86925B3D}.Release|Any CPU.Build.0 = Release|Any CPU
		{408A7166-7A50-F92C-FB10-17A85C09F5C2}.Debug|Any CPU.ActiveCfg = Debug|Any CPU
		{408A7166-7A50-F92C-FB10-17A85C09F5C2}.Debug|Any CPU.Build.0 = Debug|Any CPU
		{408A7166-7A50-F92C-FB10-17A85C09F5C2}.Release|Any CPU.ActiveCfg = Release|Any CPU
		{408A7166-7A50-F92C-FB10-17A85C09F5C2}.Release|Any CPU.Build.0 = Release|Any CPU
		{3F3E254F-0424-2160-CD12-10E8BA247661}.Debug|Any CPU.ActiveCfg = Debug|Any CPU
		{3F3E254F-0424-2160-CD12-10E8BA247661}.Debug|Any CPU.Build.0 = Debug|Any CPU
		{3F3E254F-0424-2160-CD12-10E8BA247661}.Release|Any CPU.ActiveCfg = Release|Any CPU
		{3F3E254F-0424-2160-CD12-10E8BA247661}.Release|Any CPU.Build.0 = Release|Any CPU
		{26A207FA-D83E-49B8-5554-52EEC99FB900}.Debug|Any CPU.ActiveCfg = Debug|Any CPU
		{26A207FA-D83E-49B8-5554-52EEC99FB900}.Debug|Any CPU.Build.0 = Debug|Any CPU
		{26A207FA-D83E-49B8-5554-52EEC99FB900}.Release|Any CPU.ActiveCfg = Release|Any CPU
		{26A207FA-D83E-49B8-5554-52EEC99FB900}.Release|Any CPU.Build.0 = Release|Any CPU
		{2014D8EC-132A-18CF-3967-B3B694C72E3B}.Debug|Any CPU.ActiveCfg = Debug|Any CPU
		{2014D8EC-132A-18CF-3967-B3B694C72E3B}.Debug|Any CPU.Build.0 = Debug|Any CPU
		{2014D8EC-132A-18CF-3967-B3B694C72E3B}.Release|Any CPU.ActiveCfg = Release|Any CPU
		{2014D8EC-132A-18CF-3967-B3B694C72E3B}.Release|Any CPU.Build.0 = Release|Any CPU
		{B34FF3F4-6DE7-67A5-8AE1-0AF2B6A05BE8}.Debug|Any CPU.ActiveCfg = Debug|Any CPU
		{B34FF3F4-6DE7-67A5-8AE1-0AF2B6A05BE8}.Debug|Any CPU.Build.0 = Debug|Any CPU
		{B34FF3F4-6DE7-67A5-8AE1-0AF2B6A05BE8}.Release|Any CPU.ActiveCfg = Release|Any CPU
		{B34FF3F4-6DE7-67A5-8AE1-0AF2B6A05BE8}.Release|Any CPU.Build.0 = Release|Any CPU
		{91FA020D-BA65-A185-63FE-AEC410040F02}.Debug|Any CPU.ActiveCfg = Debug|Any CPU
		{91FA020D-BA65-A185-63FE-AEC410040F02}.Debug|Any CPU.Build.0 = Debug|Any CPU
		{91FA020D-BA65-A185-63FE-AEC410040F02}.Release|Any CPU.ActiveCfg = Release|Any CPU
		{91FA020D-BA65-A185-63FE-AEC410040F02}.Release|Any CPU.Build.0 = Release|Any CPU
		{C34AFFD3-4F2B-6DBC-DC63-89D2F000B8AF}.Debug|Any CPU.ActiveCfg = Debug|Any CPU
		{C34AFFD3-4F2B-6DBC-DC63-89D2F000B8AF}.Debug|Any CPU.Build.0 = Debug|Any CPU
		{C34AFFD3-4F2B-6DBC-DC63-89D2F000B8AF}.Release|Any CPU.ActiveCfg = Release|Any CPU
		{C34AFFD3-4F2B-6DBC-DC63-89D2F000B8AF}.Release|Any CPU.Build.0 = Release|Any CPU
		{A6A4E41B-7EA1-AF82-A0B8-0158D4555E94}.Debug|Any CPU.ActiveCfg = Debug|Any CPU
		{A6A4E41B-7EA1-AF82-A0B8-0158D4555E94}.Debug|Any CPU.Build.0 = Debug|Any CPU
		{A6A4E41B-7EA1-AF82-A0B8-0158D4555E94}.Release|Any CPU.ActiveCfg = Release|Any CPU
		{A6A4E41B-7EA1-AF82-A0B8-0158D4555E94}.Release|Any CPU.Build.0 = Release|Any CPU
		{37BCD5CB-8943-87CD-0449-028C2D8FB9EB}.Debug|Any CPU.ActiveCfg = Debug|Any CPU
		{37BCD5CB-8943-87CD-0449-028C2D8FB9EB}.Debug|Any CPU.Build.0 = Debug|Any CPU
		{37BCD5CB-8943-87CD-0449-028C2D8FB9EB}.Release|Any CPU.ActiveCfg = Release|Any CPU
		{37BCD5CB-8943-87CD-0449-028C2D8FB9EB}.Release|Any CPU.Build.0 = Release|Any CPU
		{3123D4B0-AA4B-9445-C71A-125CF1A9A0E2}.Debug|Any CPU.ActiveCfg = Debug|Any CPU
		{3123D4B0-AA4B-9445-C71A-125CF1A9A0E2}.Debug|Any CPU.Build.0 = Debug|Any CPU
		{3123D4B0-AA4B-9445-C71A-125CF1A9A0E2}.Release|Any CPU.ActiveCfg = Release|Any CPU
		{3123D4B0-AA4B-9445-C71A-125CF1A9A0E2}.Release|Any CPU.Build.0 = Release|Any CPU
		{ADAC247A-AA51-9F80-EBEF-DA898958466D}.Debug|Any CPU.ActiveCfg = Debug|Any CPU
		{ADAC247A-AA51-9F80-EBEF-DA898958466D}.Debug|Any CPU.Build.0 = Debug|Any CPU
		{ADAC247A-AA51-9F80-EBEF-DA898958466D}.Release|Any CPU.ActiveCfg = Release|Any CPU
		{ADAC247A-AA51-9F80-EBEF-DA898958466D}.Release|Any CPU.Build.0 = Release|Any CPU
		{7456125F-9078-19B1-E10F-2C87E3325EB4}.Debug|Any CPU.ActiveCfg = Debug|Any CPU
		{7456125F-9078-19B1-E10F-2C87E3325EB4}.Debug|Any CPU.Build.0 = Debug|Any CPU
		{7456125F-9078-19B1-E10F-2C87E3325EB4}.Release|Any CPU.ActiveCfg = Release|Any CPU
		{7456125F-9078-19B1-E10F-2C87E3325EB4}.Release|Any CPU.Build.0 = Release|Any CPU
		{8D82281E-A53D-561B-7CF6-4E91F62BCF09}.Debug|Any CPU.ActiveCfg = Debug|Any CPU
		{8D82281E-A53D-561B-7CF6-4E91F62BCF09}.Debug|Any CPU.Build.0 = Debug|Any CPU
		{8D82281E-A53D-561B-7CF6-4E91F62BCF09}.Release|Any CPU.ActiveCfg = Release|Any CPU
		{8D82281E-A53D-561B-7CF6-4E91F62BCF09}.Release|Any CPU.Build.0 = Release|Any CPU
		{5E56BB5E-0E83-E4CB-CB9F-65CEF1D709D2}.Debug|Any CPU.ActiveCfg = Debug|Any CPU
		{5E56BB5E-0E83-E4CB-CB9F-65CEF1D709D2}.Debug|Any CPU.Build.0 = Debug|Any CPU
		{5E56BB5E-0E83-E4CB-CB9F-65CEF1D709D2}.Release|Any CPU.ActiveCfg = Release|Any CPU
		{5E56BB5E-0E83-E4CB-CB9F-65CEF1D709D2}.Release|Any CPU.Build.0 = Release|Any CPU
		{E9F629D3-E6AD-EDEA-EB79-DB51F37CF71E}.Debug|Any CPU.ActiveCfg = Debug|Any CPU
		{E9F629D3-E6AD-EDEA-EB79-DB51F37CF71E}.Debug|Any CPU.Build.0 = Debug|Any CPU
		{E9F629D3-E6AD-EDEA-EB79-DB51F37CF71E}.Release|Any CPU.ActiveCfg = Release|Any CPU
		{E9F629D3-E6AD-EDEA-EB79-DB51F37CF71E}.Release|Any CPU.Build.0 = Release|Any CPU
		{9AD7F47D-9EA3-7B07-F711-7AB3D8E0BE05}.Debug|Any CPU.ActiveCfg = Debug|Any CPU
		{9AD7F47D-9EA3-7B07-F711-7AB3D8E0BE05}.Debug|Any CPU.Build.0 = Debug|Any CPU
		{9AD7F47D-9EA3-7B07-F711-7AB3D8E0BE05}.Release|Any CPU.ActiveCfg = Release|Any CPU
		{9AD7F47D-9EA3-7B07-F711-7AB3D8E0BE05}.Release|Any CPU.Build.0 = Release|Any CPU
		{93C6181F-6FBE-3889-3D33-709463C1C4D4}.Debug|Any CPU.ActiveCfg = Debug|Any CPU
		{93C6181F-6FBE-3889-3D33-709463C1C4D4}.Debug|Any CPU.Build.0 = Debug|Any CPU
		{93C6181F-6FBE-3889-3D33-709463C1C4D4}.Release|Any CPU.ActiveCfg = Release|Any CPU
		{93C6181F-6FBE-3889-3D33-709463C1C4D4}.Release|Any CPU.Build.0 = Release|Any CPU
		{2042B9B9-1333-2CF0-9F2F-BA1C1915DD1F}.Debug|Any CPU.ActiveCfg = Debug|Any CPU
		{2042B9B9-1333-2CF0-9F2F-BA1C1915DD1F}.Debug|Any CPU.Build.0 = Debug|Any CPU
		{2042B9B9-1333-2CF0-9F2F-BA1C1915DD1F}.Release|Any CPU.ActiveCfg = Release|Any CPU
		{2042B9B9-1333-2CF0-9F2F-BA1C1915DD1F}.Release|Any CPU.Build.0 = Release|Any CPU
		{AA1A47F1-E616-AFA5-244E-02CF3402846F}.Debug|Any CPU.ActiveCfg = Debug|Any CPU
		{AA1A47F1-E616-AFA5-244E-02CF3402846F}.Debug|Any CPU.Build.0 = Debug|Any CPU
		{AA1A47F1-E616-AFA5-244E-02CF3402846F}.Release|Any CPU.ActiveCfg = Release|Any CPU
		{AA1A47F1-E616-AFA5-244E-02CF3402846F}.Release|Any CPU.Build.0 = Release|Any CPU
		{91D44FC1-D42D-5858-7FFF-446DB8139003}.Debug|Any CPU.ActiveCfg = Debug|Any CPU
		{91D44FC1-D42D-5858-7FFF-446DB8139003}.Debug|Any CPU.Build.0 = Debug|Any CPU
		{91D44FC1-D42D-5858-7FFF-446DB8139003}.Release|Any CPU.ActiveCfg = Release|Any CPU
		{91D44FC1-D42D-5858-7FFF-446DB8139003}.Release|Any CPU.Build.0 = Release|Any CPU
		{3985810D-1ACB-CACD-001C-18904B55A573}.Debug|Any CPU.ActiveCfg = Debug|Any CPU
		{3985810D-1ACB-CACD-001C-18904B55A573}.Debug|Any CPU.Build.0 = Debug|Any CPU
		{3985810D-1ACB-CACD-001C-18904B55A573}.Release|Any CPU.ActiveCfg = Release|Any CPU
		{3985810D-1ACB-CACD-001C-18904B55A573}.Release|Any CPU.Build.0 = Release|Any CPU
		{E3A72C60-1D9A-B03B-9CE9-861CEB3FB8E6}.Debug|Any CPU.ActiveCfg = Debug|Any CPU
		{E3A72C60-1D9A-B03B-9CE9-861CEB3FB8E6}.Debug|Any CPU.Build.0 = Debug|Any CPU
		{E3A72C60-1D9A-B03B-9CE9-861CEB3FB8E6}.Release|Any CPU.ActiveCfg = Release|Any CPU
		{E3A72C60-1D9A-B03B-9CE9-861CEB3FB8E6}.Release|Any CPU.Build.0 = Release|Any CPU
		{643EB456-D232-F5C8-206E-3A85740CFD14}.Debug|Any CPU.ActiveCfg = Debug|Any CPU
		{643EB456-D232-F5C8-206E-3A85740CFD14}.Debug|Any CPU.Build.0 = Debug|Any CPU
		{643EB456-D232-F5C8-206E-3A85740CFD14}.Release|Any CPU.ActiveCfg = Release|Any CPU
		{643EB456-D232-F5C8-206E-3A85740CFD14}.Release|Any CPU.Build.0 = Release|Any CPU
		{D0ED9D37-74B9-A2A2-B79B-19D913A87687}.Debug|Any CPU.ActiveCfg = Debug|Any CPU
		{D0ED9D37-74B9-A2A2-B79B-19D913A87687}.Debug|Any CPU.Build.0 = Debug|Any CPU
		{D0ED9D37-74B9-A2A2-B79B-19D913A87687}.Release|Any CPU.ActiveCfg = Release|Any CPU
		{D0ED9D37-74B9-A2A2-B79B-19D913A87687}.Release|Any CPU.Build.0 = Release|Any CPU
		{1D8D9C64-CA5A-28F7-8630-9906896AAF64}.Debug|Any CPU.ActiveCfg = Debug|Any CPU
		{1D8D9C64-CA5A-28F7-8630-9906896AAF64}.Debug|Any CPU.Build.0 = Debug|Any CPU
		{1D8D9C64-CA5A-28F7-8630-9906896AAF64}.Release|Any CPU.ActiveCfg = Release|Any CPU
		{1D8D9C64-CA5A-28F7-8630-9906896AAF64}.Release|Any CPU.Build.0 = Release|Any CPU
	EndGlobalSection
	GlobalSection(SolutionProperties) = preSolution
		HideSolutionNode = FALSE
	EndGlobalSection
EndGlobal
